{
  "version": 4,
  "terraform_version": "1.4.6",
  "serial": 8,
  "lineage": "e7bb48f0-2fca-f21c-78fa-80653265efa8",
  "outputs": {},
  "resources": [
    {
      "mode": "managed",
      "type": "google_compute_network",
      "name": "vpc",
      "provider": "provider[\"registry.terraform.io/hashicorp/google\"]",
      "instances": [
        {
          "schema_version": 0,
          "attributes": {
            "auto_create_subnetworks": false,
            "delete_default_routes_on_create": false,
            "description": "",
            "gateway_ipv4": "",
            "id": "projects/amagen-385415/global/networks/amagen-385415-vpc",
            "mtu": 0,
            "name": "amagen-385415-vpc",
            "project": "amagen-385415",
            "routing_mode": "REGIONAL",
            "self_link": "https://www.googleapis.com/compute/v1/projects/amagen-385415/global/networks/amagen-385415-vpc",
            "timeouts": null
          },
          "sensitive_attributes": [],
          "private": "eyJlMmJmYjczMC1lY2FhLTExZTYtOGY4OC0zNDM2M2JjN2M0YzAiOnsiY3JlYXRlIjoxMjAwMDAwMDAwMDAwLCJkZWxldGUiOjEyMDAwMDAwMDAwMDAsInVwZGF0ZSI6MTIwMDAwMDAwMDAwMH19"
        }
      ]
    },
    {
      "mode": "managed",
      "type": "google_compute_subnetwork",
      "name": "subnet",
      "provider": "provider[\"registry.terraform.io/hashicorp/google\"]",
      "instances": [
        {
          "schema_version": 0,
          "attributes": {
            "creation_timestamp": "2023-05-03T02:16:51.175-07:00",
            "description": "",
            "external_ipv6_prefix": "",
            "fingerprint": null,
            "gateway_address": "10.10.0.1",
            "id": "projects/amagen-385415/regions/europe-west9/subnetworks/amagen-385415-subnet",
            "ip_cidr_range": "10.10.0.0/24",
            "ipv6_access_type": "",
            "ipv6_cidr_range": "",
            "log_config": [],
            "name": "amagen-385415-subnet",
            "network": "https://www.googleapis.com/compute/v1/projects/amagen-385415/global/networks/amagen-385415-vpc",
            "private_ip_google_access": true,
            "private_ipv6_google_access": "DISABLE_GOOGLE_ACCESS",
            "project": "amagen-385415",
            "purpose": "PRIVATE",
            "region": "europe-west9",
            "role": "",
            "secondary_ip_range": [],
            "self_link": "https://www.googleapis.com/compute/v1/projects/amagen-385415/regions/europe-west9/subnetworks/amagen-385415-subnet",
            "stack_type": "IPV4_ONLY",
            "timeouts": null
          },
          "sensitive_attributes": [],
          "private": "eyJlMmJmYjczMC1lY2FhLTExZTYtOGY4OC0zNDM2M2JjN2M0YzAiOnsiY3JlYXRlIjoxMjAwMDAwMDAwMDAwLCJkZWxldGUiOjEyMDAwMDAwMDAwMDAsInVwZGF0ZSI6MTIwMDAwMDAwMDAwMH19",
          "dependencies": [
            "google_compute_network.vpc"
          ]
        }
      ]
    },
    {
      "mode": "managed",
      "type": "google_container_cluster",
      "name": "primary",
      "provider": "provider[\"registry.terraform.io/hashicorp/google\"]",
      "instances": [
        {
          "schema_version": 1,
          "attributes": {
            "addons_config": [
              {
                "cloudrun_config": [],
                "gcp_filestore_csi_driver_config": [],
                "horizontal_pod_autoscaling": [],
                "http_load_balancing": [],
                "network_policy_config": [
                  {
                    "disabled": true
                  }
                ]
              }
            ],
            "authenticator_groups_config": [],
            "cluster_autoscaling": [
              {
                "auto_provisioning_defaults": [],
                "enabled": false,
                "resource_limits": []
              }
            ],
            "cluster_ipv4_cidr": "10.24.0.0/14",
            "confidential_nodes": [],
            "database_encryption": [
              {
                "key_name": "",
                "state": "DECRYPTED"
              }
            ],
            "datapath_provider": "",
            "default_max_pods_per_node": null,
            "default_snat_status": [
              {
                "disabled": false
              }
            ],
            "description": "",
            "dns_config": [],
            "enable_autopilot": false,
            "enable_binary_authorization": false,
            "enable_intranode_visibility": false,
            "enable_kubernetes_alpha": false,
            "enable_legacy_abac": false,
            "enable_shielded_nodes": true,
            "enable_tpu": false,
            "endpoint": "34.155.171.17",
            "id": "projects/amagen-385415/locations/europe-west9/clusters/amagen-385415-gke",
            "initial_node_count": 1,
            "ip_allocation_policy": [],
            "label_fingerprint": "a9dc16a7",
            "location": "europe-west9",
            "logging_config": [
              {
                "enable_components": [
                  "SYSTEM_COMPONENTS",
                  "WORKLOADS"
                ]
              }
            ],
            "logging_service": "logging.googleapis.com/kubernetes",
            "maintenance_policy": [],
            "master_auth": [
              {
                "client_certificate": "",
                "client_certificate_config": [
                  {
                    "issue_client_certificate": false
                  }
                ],
                "client_key": "",
                "cluster_ca_certificate": "LS0tLS1CRUdJTiBDRVJUSUZJQ0FURS0tLS0tCk1JSUVMRENDQXBTZ0F3SUJBZ0lRS3dpZjVhc1VrN1NNODhxYU51d0cxVEFOQmdrcWhraUc5dzBCQVFzRkFEQXYKTVMwd0t3WURWUVFERXlReU9XUmpPV0kzWmkwM056aG1MVFJoWXpFdE9UazROQzB3TmpVd1pHVTNPR0k0T1RVdwpJQmNOTWpNd05UQXpNRGd4TnpBMVdoZ1BNakExTXpBME1qVXdPVEUzTURWYU1DOHhMVEFyQmdOVkJBTVRKREk1ClpHTTVZamRtTFRjM09HWXROR0ZqTVMwNU9UZzBMVEEyTlRCa1pUYzRZamc1TlRDQ0FhSXdEUVlKS29aSWh2Y04KQVFFQkJRQURnZ0dQQURDQ0FZb0NnZ0dCQUxOZEJ6MjBuR1o3VDk5Mmg5LzdjcTdOVmZ0RFVKcnNOMVdSTkQ0Zwo2eXo0bTgzYUdvME9BY3FPdFFLcUhqYUd1Q0FZUmZtYi9xbmRzWlJRWWVENEVud21ETVhqS0FHQ1lBTmVBS2ZDCnBsdnQ5dmdwaDNDU0NmUndXM2xIMGZrRzNSTTlNYms0Sll3eVptYlpCMHB5dHFoaEVtVGFPdGQvakJMNXVDcFMKb2k3Wlg0ZVBySTIvdGl3d3NoRnJIK2FVMUlMekN1WkZHUTRXbGxNTExsZk5PcE5xb3U5UkZTZzRpM3ZEWk9uKwpwc2c4ODkxYnM2a1NOMVVaZ2lxRVVjeHhQdWtWNXlVQnlmNEF2UGdiNHBDR1M4MnVhcWV1NHBQSUJwY3hsSVBjClNpeGgvWHhrN3c4d0VNV2RhTnA1cHVIQU8vUkVVQk1KMTdwbW5iVjhUQ2g1THB4ZjVZVEh1Qlc0LzJNZXBicSsKdlNreGZzS25lOXAvL3YzWUxlcEliZmUreDgwbHdiam1yWDh0MzNudVQ5QWhXbFdaeFM3bGRXdk1LcGtLSVc5WgpMZDB2alNTeGgzb0UwaENOVGVRT29aWXRkNzdmWnU0UTNyUWYyY2djOHdESE13MG95QnUvY09KT0lzOThBLy9BCkljTXJWM0N2L2ZxMG96bEdpQi9xVVF6L2JRSURBUUFCbzBJd1FEQU9CZ05WSFE4QkFmOEVCQU1DQWdRd0R3WUQKVlIwVEFRSC9CQVV3QXdFQi96QWRCZ05WSFE0RUZnUVVGaEdGdXE3THYybVVrWlVLYUdiOWVCQmNyYUl3RFFZSgpLb1pJaHZjTkFRRUxCUUFEZ2dHQkFCRnArNll5RUtoVmFOMGhmSXY1K093Qmg2UXN4L3lMaWMvOEw2VVE2SzVyCk55aC94RCtzMFVBYWxZbS96aXVlSWtwMTlacFJHa1hhNlE3d1JPR2dwWVZZcHE2alpHQU5PUGEvYVRZSWt5bnYKRnFXdzBjSkVxQmxLK1YxZUN2T1NOZkE1d1BKQ1RIdm1GU1F3cXlpZHZJcTBwL1FwZDQyQWhoYmkyRzFYRXV4KwpDN0FxeWNWTnlhYlQrKzVNb2RvM3g4M2RFbGV1Q3R1aTl0T3RITkhJMW5EcVpwYVdUVVBqMHNNSUNTdGxBZ0ZGCnhHSGxoOXpTOGZOVWlHQmNwU3kvS2x6T1dRYllGaGFLYy9rVncweU5xVkR0NDQ3cXJrV0lmdmtrMk1vOWpZR3EKenpqR0JXUktYSUdiYTdPS05ydVI1cWE1b3ZSZ092RDRQdnVXZkVwOUM0ZWdCTUw5TjdSSzA1NDE2bHJDQmpSVApHOFVBcWtGSXFPY3NoejJyWGVER0hUMXBFRE1ZeURaU0M4MTY0bVg3SGNqVFRFNnVzdG02dTF1cVdtN29KMFAvClFmbzZYQVVjSmRobHhUNERrQzM1cmRJZnY1Rm5YL3cvVGJ5a01PQVJpYkVQOVNUYTN6ajd4QkhpTjY3V3RYS0sKcWFOSHJ1TWxmK3dQRXJMV3pFTDJ1dz09Ci0tLS0tRU5EIENFUlRJRklDQVRFLS0tLS0K"
              }
            ],
            "master_authorized_networks_config": [],
            "master_version": "1.25.7-gke.1000",
            "min_master_version": null,
            "monitoring_config": [
              {
                "enable_components": [
                  "SYSTEM_COMPONENTS"
                ]
              }
            ],
            "monitoring_service": "monitoring.googleapis.com/kubernetes",
            "name": "amagen-385415-gke",
            "network": "projects/amagen-385415/global/networks/amagen-385415-vpc",
            "network_policy": [
              {
                "enabled": false,
                "provider": "PROVIDER_UNSPECIFIED"
              }
            ],
            "networking_mode": "ROUTES",
            "node_config": [
              {
                "boot_disk_kms_key": "",
                "disk_size_gb": 100,
                "disk_type": "pd-balanced",
                "gcfs_config": [],
                "guest_accelerator": [],
                "gvnic": [],
                "image_type": "COS_CONTAINERD",
                "labels": {
                  "env": "amagen-385415"
                },
                "local_ssd_count": 0,
                "machine_type": "e2-medium",
                "metadata": {
                  "disable-legacy-endpoints": "true"
                },
                "min_cpu_platform": "",
                "node_group": "",
                "oauth_scopes": [
                  "https://www.googleapis.com/auth/logging.write",
                  "https://www.googleapis.com/auth/monitoring"
                ],
                "preemptible": false,
                "service_account": "default",
                "shielded_instance_config": [
                  {
                    "enable_integrity_monitoring": true,
                    "enable_secure_boot": false
                  }
                ],
                "tags": [
                  "gke-node",
                  "amagen-385415-gke"
                ],
                "taint": [],
                "workload_metadata_config": []
              }
            ],
            "node_locations": [
              "europe-west9-a",
              "europe-west9-b",
              "europe-west9-c"
            ],
            "node_pool": [
              {
                "autoscaling": [],
                "initial_node_count": 1,
                "instance_group_urls": [
                  "https://www.googleapis.com/compute/v1/projects/amagen-385415/zones/europe-west9-a/instanceGroupManagers/gke-amagen-385415-gk-amagen-385415-gk-6bec0b07-grp",
                  "https://www.googleapis.com/compute/v1/projects/amagen-385415/zones/europe-west9-c/instanceGroupManagers/gke-amagen-385415-gk-amagen-385415-gk-2c246585-grp",
                  "https://www.googleapis.com/compute/v1/projects/amagen-385415/zones/europe-west9-b/instanceGroupManagers/gke-amagen-385415-gk-amagen-385415-gk-79f7317e-grp"
                ],
                "managed_instance_group_urls": [
                  "https://www.googleapis.com/compute/v1/projects/amagen-385415/zones/europe-west9-a/instanceGroups/gke-amagen-385415-gk-amagen-385415-gk-6bec0b07-grp",
                  "https://www.googleapis.com/compute/v1/projects/amagen-385415/zones/europe-west9-c/instanceGroups/gke-amagen-385415-gk-amagen-385415-gk-2c246585-grp",
                  "https://www.googleapis.com/compute/v1/projects/amagen-385415/zones/europe-west9-b/instanceGroups/gke-amagen-385415-gk-amagen-385415-gk-79f7317e-grp"
                ],
                "management": [
                  {
                    "auto_repair": true,
                    "auto_upgrade": true
                  }
                ],
                "max_pods_per_node": 0,
                "name": "amagen-385415-gke-node-pool",
                "name_prefix": "",
                "node_config": [
                  {
                    "boot_disk_kms_key": "",
                    "disk_size_gb": 100,
                    "disk_type": "pd-balanced",
                    "gcfs_config": [],
                    "guest_accelerator": [],
                    "gvnic": [],
                    "image_type": "COS_CONTAINERD",
                    "labels": {
                      "env": "amagen-385415"
                    },
                    "local_ssd_count": 0,
                    "machine_type": "e2-medium",
                    "metadata": {
                      "disable-legacy-endpoints": "true"
                    },
                    "min_cpu_platform": "",
                    "node_group": "",
                    "oauth_scopes": [
                      "https://www.googleapis.com/auth/logging.write",
                      "https://www.googleapis.com/auth/monitoring"
                    ],
                    "preemptible": false,
                    "service_account": "default",
                    "shielded_instance_config": [
                      {
                        "enable_integrity_monitoring": true,
                        "enable_secure_boot": false
                      }
                    ],
                    "tags": [
                      "gke-node",
                      "amagen-385415-gke"
                    ],
                    "taint": [],
                    "workload_metadata_config": []
                  }
                ],
                "node_count": 1,
                "node_locations": [
                  "europe-west9-a",
                  "europe-west9-b",
                  "europe-west9-c"
                ],
                "upgrade_settings": [
                  {
                    "max_surge": 1,
                    "max_unavailable": 0
                  }
                ],
                "version": "1.25.7-gke.1000"
              }
            ],
            "node_version": "1.25.7-gke.1000",
            "operation": null,
            "private_cluster_config": [
              {
                "enable_private_endpoint": false,
                "enable_private_nodes": false,
                "master_global_access_config": [
                  {
                    "enabled": false
                  }
                ],
                "master_ipv4_cidr_block": "",
                "peering_name": "",
                "private_endpoint": "10.10.0.2",
                "public_endpoint": "34.155.171.17"
              }
            ],
            "private_ipv6_google_access": "",
            "project": "amagen-385415",
            "release_channel": [
              {
                "channel": "REGULAR"
              }
            ],
            "remove_default_node_pool": true,
            "resource_labels": {},
            "resource_usage_export_config": [],
            "self_link": "https://container.googleapis.com/v1/projects/amagen-385415/locations/europe-west9/clusters/amagen-385415-gke",
            "services_ipv4_cidr": "10.27.240.0/20",
            "subnetwork": "projects/amagen-385415/regions/europe-west9/subnetworks/amagen-385415-subnet",
            "timeouts": null,
            "tpu_ipv4_cidr_block": "",
            "vertical_pod_autoscaling": [],
            "workload_identity_config": []
          },
          "sensitive_attributes": [],
          "private": "eyJlMmJmYjczMC1lY2FhLTExZTYtOGY4OC0zNDM2M2JjN2M0YzAiOnsiY3JlYXRlIjoyNDAwMDAwMDAwMDAwLCJkZWxldGUiOjI0MDAwMDAwMDAwMDAsInJlYWQiOjI0MDAwMDAwMDAwMDAsInVwZGF0ZSI6MzYwMDAwMDAwMDAwMH0sInNjaGVtYV92ZXJzaW9uIjoiMSJ9",
          "dependencies": [
            "google_compute_network.vpc",
            "google_compute_subnetwork.subnet"
          ]
        }
      ]
    },
    {
      "mode": "managed",
      "type": "google_container_node_pool",
      "name": "primary_nodes",
      "provider": "provider[\"registry.terraform.io/hashicorp/google\"]",
      "instances": [
        {
          "schema_version": 1,
          "attributes": {
            "autoscaling": [],
            "cluster": "amagen-385415-gke",
            "id": "projects/amagen-385415/locations/europe-west9/clusters/amagen-385415-gke/nodePools/amagen-385415-gke-node-pool",
            "initial_node_count": 1,
            "instance_group_urls": [
              "https://www.googleapis.com/compute/v1/projects/amagen-385415/zones/europe-west9-a/instanceGroupManagers/gke-amagen-385415-gk-amagen-385415-gk-6bec0b07-grp",
              "https://www.googleapis.com/compute/v1/projects/amagen-385415/zones/europe-west9-c/instanceGroupManagers/gke-amagen-385415-gk-amagen-385415-gk-2c246585-grp",
              "https://www.googleapis.com/compute/v1/projects/amagen-385415/zones/europe-west9-b/instanceGroupManagers/gke-amagen-385415-gk-amagen-385415-gk-79f7317e-grp"
            ],
            "location": "europe-west9",
            "managed_instance_group_urls": [
              "https://www.googleapis.com/compute/v1/projects/amagen-385415/zones/europe-west9-a/instanceGroups/gke-amagen-385415-gk-amagen-385415-gk-6bec0b07-grp",
              "https://www.googleapis.com/compute/v1/projects/amagen-385415/zones/europe-west9-c/instanceGroups/gke-amagen-385415-gk-amagen-385415-gk-2c246585-grp",
              "https://www.googleapis.com/compute/v1/projects/amagen-385415/zones/europe-west9-b/instanceGroups/gke-amagen-385415-gk-amagen-385415-gk-79f7317e-grp"
            ],
            "management": [
              {
                "auto_repair": true,
                "auto_upgrade": true
              }
            ],
            "max_pods_per_node": null,
            "name": "amagen-385415-gke-node-pool",
            "name_prefix": "",
            "node_config": [
              {
                "boot_disk_kms_key": "",
                "disk_size_gb": 100,
                "disk_type": "pd-balanced",
                "gcfs_config": [],
                "guest_accelerator": [],
                "gvnic": [],
                "image_type": "COS_CONTAINERD",
                "labels": {
                  "env": "amagen-385415"
                },
                "local_ssd_count": 0,
                "machine_type": "e2-medium",
                "metadata": {
                  "disable-legacy-endpoints": "true"
                },
                "min_cpu_platform": "",
                "node_group": "",
                "oauth_scopes": [
                  "https://www.googleapis.com/auth/logging.write",
                  "https://www.googleapis.com/auth/monitoring"
                ],
                "preemptible": false,
                "service_account": "default",
                "shielded_instance_config": [
                  {
                    "enable_integrity_monitoring": true,
                    "enable_secure_boot": false
                  }
                ],
                "tags": [
                  "gke-node",
                  "amagen-385415-gke"
                ],
                "taint": [],
                "workload_metadata_config": []
              }
            ],
            "node_count": 1,
            "node_locations": [
              "europe-west9-a",
              "europe-west9-b",
              "europe-west9-c"
            ],
            "operation": null,
            "project": "amagen-385415",
            "timeouts": null,
            "upgrade_settings": [
              {
                "max_surge": 1,
                "max_unavailable": 0
              }
            ],
            "version": "1.25.7-gke.1000"
          },
          "sensitive_attributes": [],
          "private": "eyJlMmJmYjczMC1lY2FhLTExZTYtOGY4OC0zNDM2M2JjN2M0YzAiOnsiY3JlYXRlIjoxODAwMDAwMDAwMDAwLCJkZWxldGUiOjE4MDAwMDAwMDAwMDAsInVwZGF0ZSI6MTgwMDAwMDAwMDAwMH0sInNjaGVtYV92ZXJzaW9uIjoiMSJ9",
          "dependencies": [
            "google_compute_network.vpc",
            "google_compute_subnetwork.subnet",
            "google_container_cluster.primary"
          ]
        }
      ]
    }
  ],
  "check_results": null
}
